
Microsoft Visual Studio Solution File, Format Version 12.00
# Visual Studio Version 16
VisualStudioVersion = 16.0.30011.22
MinimumVisualStudioVersion = 10.0.40219.1
Project("{FAE04EC0-301F-11D3-BF4B-00C04F79EFBC}") = "tictactoe", "tictactoe\tictactoe.csproj", "{BFEAAEDC-FCEC-411F-8F79-10A4531E5456}"
EndProject
Global
	GlobalSection(SolutionConfigurationPlatforms) = preSolution
		Debug|Any CPU = Debug|Any CPU
		Release|Any CPU = Release|Any CPU
	EndGlobalSection
	GlobalSection(ProjectConfigurationPlatforms) = postSolution
		{BFEAAEDC-FCEC-411F-8F79-10A4531E5456}.Debug|Any CPU.ActiveCfg = Debug|Any CPU
		{BFEAAEDC-FCEC-411F-8F79-10A4531E5456}.Debug|Any CPU.Build.0 = Debug|Any CPU
		{BFEAAEDC-FCEC-411F-8F79-10A4531E5456}.Release|Any CPU.ActiveCfg = Release|Any CPU
		{BFEAAEDC-FCEC-411F-8F79-10A4531E5456}.Release|Any CPU.Build.0 = Release|Any CPU
	EndGlobalSection
	GlobalSection(SolutionProperties) = preSolution
		HideSolutionNode = FALSE
	EndGlobalSection
	GlobalSection(ExtensibilityGlobals) = postSolution
		SolutionGuid = {EEB228F9-9C65-4429-ADE8-DCF1D8A6525C}
	EndGlobalSection
EndGlobal
